
Microsoft Visual Studio Solution File, Format Version 12.00
# Visual Studio 15
VisualStudioVersion = 15.0.28010.2050
MinimumVisualStudioVersion = 10.0.40219.1
Project("{8BC9CEB8-8B4A-11D0-8D11-00A0C91BC942}") = "WinServer", "WinServer\WinServer.vcxproj", "{6726D970-BF13-4F45-8CA5-4A04B7EBB531}"
EndProject
Global
	GlobalSection(SolutionConfigurationPlatforms) = preSolution
		Debug|x64 = Debug|x64
		Debug|x86 = Debug|x86
		Release|x64 = Release|x64
		Release|x86 = Release|x86
	EndGlobalSection
	GlobalSection(ProjectConfigurationPlatforms) = postSolution
		{6726D970-BF13-4F45-8CA5-4A04B7EBB531}.Debug|x64.ActiveCfg = Debug|x64
		{6726D970-BF13-4F45-8CA5-4A04B7EBB531}.Debug|x64.Build.0 = Debug|x64
		{6726D970-BF13-4F45-8CA5-4A04B7EBB531}.Debug|x86.ActiveCfg = Debug|Win32
		{6726D970-BF13-4F45-8CA5-4A04B7EBB531}.Debug|x86.Build.0 = Debug|Win32
		{6726D970-BF13-4F45-8CA5-4A04B7EBB531}.Release|x64.ActiveCfg = Release|x64
		{6726D970-BF13-4F45-8CA5-4A04B7EBB531}.Release|x64.Build.0 = Release|x64
		{6726D970-BF13-4F45-8CA5-4A04B7EBB531}.Release|x86.ActiveCfg = Release|Win32
		{6726D970-BF13-4F45-8CA5-4A04B7EBB531}.Release|x86.Build.0 = Release|Win32
	EndGlobalSection
	GlobalSection(SolutionProperties) = preSolution
		HideSolutionNode = FALSE
	EndGlobalSection
	GlobalSection(ExtensibilityGlobals) = postSolution
		SolutionGuid = {154FFB83-6E3F-4F60-9A0D-1F1EED2F175E}
	EndGlobalSection
EndGlobal
