
Microsoft Visual Studio Solution File, Format Version 12.00
# Visual Studio 15
VisualStudioVersion = 15.0.28010.2046
MinimumVisualStudioVersion = 10.0.40219.1
Project("{8BC9CEB8-8B4A-11D0-8D11-00A0C91BC942}") = "Project1", "Project1\Project1.vcxproj", "{D8A47A3E-C7A8-470F-8E63-30D4EB1DBC86}"
EndProject
Global
	GlobalSection(SolutionConfigurationPlatforms) = preSolution
		Debug|x64 = Debug|x64
		Debug|x86 = Debug|x86
		Release|x64 = Release|x64
		Release|x86 = Release|x86
	EndGlobalSection
	GlobalSection(ProjectConfigurationPlatforms) = postSolution
		{D8A47A3E-C7A8-470F-8E63-30D4EB1DBC86}.Debug|x64.ActiveCfg = Debug|x64
		{D8A47A3E-C7A8-470F-8E63-30D4EB1DBC86}.Debug|x64.Build.0 = Debug|x64
		{D8A47A3E-C7A8-470F-8E63-30D4EB1DBC86}.Debug|x86.ActiveCfg = Debug|Win32
		{D8A47A3E-C7A8-470F-8E63-30D4EB1DBC86}.Debug|x86.Build.0 = Debug|Win32
		{D8A47A3E-C7A8-470F-8E63-30D4EB1DBC86}.Release|x64.ActiveCfg = Release|x64
		{D8A47A3E-C7A8-470F-8E63-30D4EB1DBC86}.Release|x64.Build.0 = Release|x64
		{D8A47A3E-C7A8-470F-8E63-30D4EB1DBC86}.Release|x86.ActiveCfg = Release|Win32
		{D8A47A3E-C7A8-470F-8E63-30D4EB1DBC86}.Release|x86.Build.0 = Release|Win32
	EndGlobalSection
	GlobalSection(SolutionProperties) = preSolution
		HideSolutionNode = FALSE
	EndGlobalSection
	GlobalSection(ExtensibilityGlobals) = postSolution
		SolutionGuid = {6D53CD9A-3E28-4B09-804A-B6991AF51E51}
	EndGlobalSection
EndGlobal
